
Microsoft Visual Studio Solution File, Format Version 12.00
# Visual Studio 15
VisualStudioVersion = 15.0.28010.2050
MinimumVisualStudioVersion = 10.0.40219.1
Project("{888888A0-9F3D-457C-B088-3A5042F75D52}") = "Lessons", "Lessons.pyproj", "{AE83D896-E19C-43A3-8331-0AE17D7F5F4E}"
EndProject
Global
	GlobalSection(SolutionConfigurationPlatforms) = preSolution
		Debug|Any CPU = Debug|Any CPU
		Release|Any CPU = Release|Any CPU
	EndGlobalSection
	GlobalSection(ProjectConfigurationPlatforms) = postSolution
		{AE83D896-E19C-43A3-8331-0AE17D7F5F4E}.Debug|Any CPU.ActiveCfg = Debug|Any CPU
		{AE83D896-E19C-43A3-8331-0AE17D7F5F4E}.Release|Any CPU.ActiveCfg = Release|Any CPU
	EndGlobalSection
	GlobalSection(SolutionProperties) = preSolution
		HideSolutionNode = FALSE
	EndGlobalSection
	GlobalSection(ExtensibilityGlobals) = postSolution
		SolutionGuid = {4846FF66-11E8-4C38-810D-7C162DB53A64}
	EndGlobalSection
EndGlobal
